
Microsoft Visual Studio Solution File, Format Version 12.00
# Visual Studio Version 17
VisualStudioVersion = 17.0.31903.59
MinimumVisualStudioVersion = 10.0.40219.1
Project("{FAE04EC0-301F-11D3-BF4B-00C04F79EFBC}") = "SunTime", "SunTime.csproj", "{A578FE44-536A-48AA-AA73-4983EDC4B127}"
EndProject
Project("{FAE04EC0-301F-11D3-BF4B-00C04F79EFBC}") = "SunTime.Server", "SunTime.Server\SunTime.Server.csproj", "{C697F299-2DEF-4E84-9A70-2D9CD111A008}"
EndProject
Global
	GlobalSection(SolutionConfigurationPlatforms) = preSolution
		Debug|Any CPU = Debug|Any CPU
		Debug|x64 = Debug|x64
		Debug|x86 = Debug|x86
		Release|Any CPU = Release|Any CPU
		Release|x64 = Release|x64
		Release|x86 = Release|x86
	EndGlobalSection
	GlobalSection(ProjectConfigurationPlatforms) = postSolution
		{A578FE44-536A-48AA-AA73-4983EDC4B127}.Debug|Any CPU.ActiveCfg = Debug|Any CPU
		{A578FE44-536A-48AA-AA73-4983EDC4B127}.Debug|Any CPU.Build.0 = Debug|Any CPU
		{A578FE44-536A-48AA-AA73-4983EDC4B127}.Debug|x64.ActiveCfg = Debug|Any CPU
		{A578FE44-536A-48AA-AA73-4983EDC4B127}.Debug|x64.Build.0 = Debug|Any CPU
		{A578FE44-536A-48AA-AA73-4983EDC4B127}.Debug|x86.ActiveCfg = Debug|Any CPU
		{A578FE44-536A-48AA-AA73-4983EDC4B127}.Debug|x86.Build.0 = Debug|Any CPU
		{A578FE44-536A-48AA-AA73-4983EDC4B127}.Release|Any CPU.ActiveCfg = Release|Any CPU
		{A578FE44-536A-48AA-AA73-4983EDC4B127}.Release|Any CPU.Build.0 = Release|Any CPU
		{A578FE44-536A-48AA-AA73-4983EDC4B127}.Release|x64.ActiveCfg = Release|Any CPU
		{A578FE44-536A-48AA-AA73-4983EDC4B127}.Release|x64.Build.0 = Release|Any CPU
		{A578FE44-536A-48AA-AA73-4983EDC4B127}.Release|x86.ActiveCfg = Release|Any CPU
		{A578FE44-536A-48AA-AA73-4983EDC4B127}.Release|x86.Build.0 = Release|Any CPU
		{C697F299-2DEF-4E84-9A70-2D9CD111A008}.Debug|Any CPU.ActiveCfg = Debug|Any CPU
		{C697F299-2DEF-4E84-9A70-2D9CD111A008}.Debug|Any CPU.Build.0 = Debug|Any CPU
		{C697F299-2DEF-4E84-9A70-2D9CD111A008}.Debug|x64.ActiveCfg = Debug|Any CPU
		{C697F299-2DEF-4E84-9A70-2D9CD111A008}.Debug|x64.Build.0 = Debug|Any CPU
		{C697F299-2DEF-4E84-9A70-2D9CD111A008}.Debug|x86.ActiveCfg = Debug|Any CPU
		{C697F299-2DEF-4E84-9A70-2D9CD111A008}.Debug|x86.Build.0 = Debug|Any CPU
		{C697F299-2DEF-4E84-9A70-2D9CD111A008}.Release|Any CPU.ActiveCfg = Release|Any CPU
		{C697F299-2DEF-4E84-9A70-2D9CD111A008}.Release|Any CPU.Build.0 = Release|Any CPU
		{C697F299-2DEF-4E84-9A70-2D9CD111A008}.Release|x64.ActiveCfg = Release|Any CPU
		{C697F299-2DEF-4E84-9A70-2D9CD111A008}.Release|x64.Build.0 = Release|Any CPU
		{C697F299-2DEF-4E84-9A70-2D9CD111A008}.Release|x86.ActiveCfg = Release|Any CPU
		{C697F299-2DEF-4E84-9A70-2D9CD111A008}.Release|x86.Build.0 = Release|Any CPU
	EndGlobalSection
	GlobalSection(SolutionProperties) = preSolution
		HideSolutionNode = FALSE
	EndGlobalSection
EndGlobal
